# This file is automatically @generated by Cargo.
# It is not intended for manual editing.
[[package]]
name = "bitboard_xo"
version = "1.1.0"
dependencies = [
 "custom_error",
 "outcome",
]

[[package]]
name = "custom_error"
version = "1.7.1"
source = "registry+https://github.com/rust-lang/crates.io-index"
checksum = "93a0fc65739ae998afc8d68e64bdac2efd1bc4ffa1a0703d171ef2defae3792f"

[[package]]
name = "outcome"
version = "0.1.7"
source = "registry+https://github.com/rust-lang/crates.io-index"
checksum = "20ff59b07b7effdca322ef8f9236a8f3a0d71fd642b3bfeee515902ca3f56ba7"
